
Microsoft Visual Studio Solution File, Format Version 12.00
# Visual Studio 2013
VisualStudioVersion = 12.0.21005.1
MinimumVisualStudioVersion = 10.0.40219.1
Project("{FAE04EC0-301F-11D3-BF4B-00C04F79EFBC}") = "MathModelApp", "MathModelApp\MathModelApp.csproj", "{61CBFE49-9823-4C87-920F-25B21E8161FA}"
EndProject
Project("{2150E333-8FDC-42A3-9474-1A3956D46DE8}") = "AlgoritmP", "AlgoritmP", "{0F82F5DE-B901-4AD8-9535-A1C73106D361}"
	ProjectSection(SolutionItems) = preProject
		MathModelApp\AlgoritmP.cs = MathModelApp\AlgoritmP.cs
		MathModelApp\AlgoritmP2.cs = MathModelApp\AlgoritmP2.cs
	EndProjectSection
EndProject
Global
	GlobalSection(SolutionConfigurationPlatforms) = preSolution
		Debug|Any CPU = Debug|Any CPU
		Release|Any CPU = Release|Any CPU
	EndGlobalSection
	GlobalSection(ProjectConfigurationPlatforms) = postSolution
		{61CBFE49-9823-4C87-920F-25B21E8161FA}.Debug|Any CPU.ActiveCfg = Debug|Any CPU
		{61CBFE49-9823-4C87-920F-25B21E8161FA}.Debug|Any CPU.Build.0 = Debug|Any CPU
		{61CBFE49-9823-4C87-920F-25B21E8161FA}.Release|Any CPU.ActiveCfg = Release|Any CPU
		{61CBFE49-9823-4C87-920F-25B21E8161FA}.Release|Any CPU.Build.0 = Release|Any CPU
	EndGlobalSection
	GlobalSection(SolutionProperties) = preSolution
		HideSolutionNode = FALSE
	EndGlobalSection
EndGlobal
